PODS:
  - AppSyncWrapper (0.1.0):
    - AWSAppSync (~> 2.6.24)
    - EitherResult
  - AWSAppSync (2.6.25):
    - AWSCore (~> 2.7.0)
    - ReachabilitySwift (~> 4.0.0)
    - SQLite.swift (= 0.11.4)
  - AWSCore (2.7.4)
  - EitherResult (0.1.1)
  - ReachabilitySwift (4.0.0)
  - SQLite.swift (0.11.4):
    - SQLite.swift/standard (= 0.11.4)
  - SQLite.swift/standard (0.11.4)

DEPENDENCIES:
  - AppSyncWrapper (from `../`)

SPEC REPOS:
  https://github.com/CocoaPods/Specs.git:
    - AWSAppSync
    - AWSCore
    - EitherResult
    - ReachabilitySwift
    - SQLite.swift

EXTERNAL SOURCES:
  AppSyncWrapper:
    :path: "../"

SPEC CHECKSUMS:
  AppSyncWrapper: 08d844a9464cd9ac0ed15e7958842a709b6c3b8b
  AWSAppSync: 5d4f7d5fda53701382ed88a74e952a94ce47d617
  AWSCore: 9ff5ac15c4a5dd8419753fe19b9e98f7ba1b7859
  EitherResult: 0bf571519cb31eaf8de1c4c5c5a4869516df10b0
  ReachabilitySwift: e67b2cab4d5386053673d8a7421b5981e5f08259
  SQLite.swift: 3e3bee21da701b5b9f87c4a672cb54f233505692

PODFILE CHECKSUM: f9e2582e402325c7ef40d0e4f6381e6afb80a90e

COCOAPODS: 1.5.0
